// !$*UTF8*$!
{
	archiveVersion = 1;
	classes = {
	};
	objectVersion = 46;
	objects = {

/* Begin PBXBuildFile section */
		83AB25871F38248B0008EB83 /* AppDelegate.swift in Sources */ = {isa = PBXBuildFile; fileRef = 83AB25861F38248B0008EB83 /* AppDelegate.swift */; };
		83AB25891F38248B0008EB83 /* ViewController.swift in Sources */ = {isa = PBXBuildFile; fileRef = 83AB25881F38248B0008EB83 /* ViewController.swift */; };
		83AB258C1F38248B0008EB83 /* Main.storyboard in Resources */ = {isa = PBXBuildFile; fileRef = 83AB258A1F38248B0008EB83 /* Main.storyboard */; };
		83AB258E1F38248B0008EB83 /* Assets.xcassets in Resources */ = {isa = PBXBuildFile; fileRef = 83AB258D1F38248B0008EB83 /* Assets.xcassets */; };
		83AB25911F38248B0008EB83 /* LaunchScreen.storyboard in Resources */ = {isa = PBXBuildFile; fileRef = 83AB258F1F38248B0008EB83 /* LaunchScreen.storyboard */; };
		83AB25991F3824FE0008EB83 /* GridLayout.swift in Sources */ = {isa = PBXBuildFile; fileRef = 83AB25981F3824FE0008EB83 /* GridLayout.swift */; };
		83AB259B1F3827940008EB83 /* CustomCell.swift in Sources */ = {isa = PBXBuildFile; fileRef = 83AB259A1F3827940008EB83 /* CustomCell.swift */; };
/* End PBXBuildFile section */

/* Begin PBXFileReference section */
		83AB25831F38248B0008EB83 /* GridLayoutDemo.app */ = {isa = PBXFileReference; explicitFileType = wrapper.application; includeInIndex = 0; path = GridLayoutDemo.app; sourceTree = BUILT_PRODUCTS_DIR; };
		83AB25861F38248B0008EB83 /* AppDelegate.swift */ = {isa = PBXFileReference; lastKnownFileType = sourcecode.swift; path = AppDelegate.swift; sourceTree = "<group>"; };
		83AB25881F38248B0008EB83 /* ViewController.swift */ = {isa = PBXFileReference; lastKnownFileType = sourcecode.swift; path = ViewController.swift; sourceTree = "<group>"; };
		83AB258B1F38248B0008EB83 /* Base */ = {isa = PBXFileReference; lastKnownFileType = file.storyboard; name = Base; path = Base.lproj/Main.storyboard; sourceTree = "<group>"; };
		83AB258D1F38248B0008EB83 /* Assets.xcassets */ = {isa = PBXFileReference; lastKnownFileType = folder.assetcatalog; path = Assets.xcassets; sourceTree = "<group>"; };
		83AB25901F38248B0008EB83 /* Base */ = {isa = PBXFileReference; lastKnownFileType = file.storyboard; name = Base; path = Base.lproj/LaunchScreen.storyboard; sourceTree = "<group>"; };
		83AB25921F38248B0008EB83 /* Info.plist */ = {isa = PBXFileReference; lastKnownFileType = text.plist.xml; path = Info.plist; sourceTree = "<group>"; };
		83AB25981F3824FE0008EB83 /* GridLayout.swift */ = {isa = PBXFileReference; fileEncoding = 4; lastKnownFileType = sourcecode.swift; path = GridLayout.swift; sourceTree = "<group>"; };
		83AB259A1F3827940008EB83 /* CustomCell.swift */ = {isa = PBXFileReference; fileEncoding = 4; lastKnownFileType = sourcecode.swift; path = CustomCell.swift; sourceTree = "<group>"; };
		83AB259C1F38294A0008EB83 /* README.md */ = {isa = PBXFileReference; fileEncoding = 4; lastKnownFileType = net.daringfireball.markdown; path = README.md; sourceTree = "<group>"; };
/* End PBXFileReference section */

/* Begin PBXFrameworksBuildPhase section */
		83AB25801F38248B0008EB83 /* Frameworks */ = {
			isa = PBXFrameworksBuildPhase;
			buildActionMask = 2147483647;
			files = (
			);
			runOnlyForDeploymentPostprocessing = 0;
		};
/* End PBXFrameworksBuildPhase section */

/* Begin PBXGroup section */
		83AB257A1F38248B0008EB83 = {
			isa = PBXGroup;
			children = (
				83AB259C1F38294A0008EB83 /* README.md */,
				83AB25851F38248B0008EB83 /* GridLayoutDemo */,
				83AB25841F38248B0008EB83 /* Products */,
			);
			sourceTree = "<group>";
		};
		83AB25841F38248B0008EB83 /* Products */ = {
			isa = PBXGroup;
			children = (
				83AB25831F38248B0008EB83 /* GridLayoutDemo.app */,
			);
			name = Products;
			sourceTree = "<group>";
		};
		83AB25851F38248B0008EB83 /* GridLayoutDemo */ = {
			isa = PBXGroup;
			children = (
				83AB25861F38248B0008EB83 /* AppDelegate.swift */,
				83AB25881F38248B0008EB83 /* ViewController.swift */,
				83AB259A1F3827940008EB83 /* CustomCell.swift */,
				83AB25981F3824FE0008EB83 /* GridLayout.swift */,
				83AB258A1F38248B0008EB83 /* Main.storyboard */,
				83AB258D1F38248B0008EB83 /* Assets.xcassets */,
				83AB258F1F38248B0008EB83 /* LaunchScreen.storyboard */,
				83AB25921F38248B0008EB83 /* Info.plist */,
			);
			path = GridLayoutDemo;
			sourceTree = "<group>";
		};
/* End PBXGroup section */

/* Begin PBXNativeTarget section */
		83AB25821F38248B0008EB83 /* GridLayoutDemo */ = {
			isa = PBXNativeTarget;
			buildConfigurationList = 83AB25951F38248B0008EB83 /* Build configuration list for PBXNativeTarget "GridLayoutDemo" */;
			buildPhases = (
				83AB257F1F38248B0008EB83 /* Sources */,
				83AB25801F38248B0008EB83 /* Frameworks */,
				83AB25811F38248B0008EB83 /* Resources */,
			);
			buildRules = (
			);
			dependencies = (
			);
			name = GridLayoutDemo;
			productName = GridLayoutDemo;
			productReference = 83AB25831F38248B0008EB83 /* GridLayoutDemo.app */;
			productType = "com.apple.product-type.application";
		};
/* End PBXNativeTarget section */

/* Begin PBXProject section */
		83AB257B1F38248B0008EB83 /* Project object */ = {
			isa = PBXProject;
			attributes = {
				LastSwiftUpdateCheck = 0830;
				LastUpgradeCheck = 0830;
				ORGANIZATIONNAME = "Robert Ryan";
				TargetAttributes = {
					83AB25821F38248B0008EB83 = {
						CreatedOnToolsVersion = 8.3.3;
						DevelopmentTeam = UZAPXQTVQ4;
						ProvisioningStyle = Automatic;
					};
				};
			};
			buildConfigurationList = 83AB257E1F38248B0008EB83 /* Build configuration list for PBXProject "GridLayoutDemo" */;
			compatibilityVersion = "Xcode 3.2";
			developmentRegion = English;
			hasScannedForEncodings = 0;
			knownRegions = (
				en,
				Base,
			);
			mainGroup = 83AB257A1F38248B0008EB83;
			productRefGroup = 83AB25841F38248B0008EB83 /* Products */;
			projectDirPath = "";
			projectRoot = "";
			targets = (
				83AB25821F38248B0008EB83 /* GridLayoutDemo */,
			);
		};
/* End PBXProject section */

/* Begin PBXResourcesBuildPhase section */
		83AB25811F38248B0008EB83 /* Resources */ = {
			isa = PBXResourcesBuildPhase;
			buildActionMask = 2147483647;
			files = (
				83AB25911F38248B0008EB83 /* LaunchScreen.storyboard in Resources */,
				83AB258E1F38248B0008EB83 /* Assets.xcassets in Resources */,
				83AB258C1F38248B0008EB83 /* Main.storyboard in Resources */,
			);
			runOnlyForDeploymentPostprocessing = 0;
		};
/* End PBXResourcesBuildPhase section */

/* Begin PBXSourcesBuildPhase section */
		83AB257F1F38248B0008EB83 /* Sources */ = {
			isa = PBXSourcesBuildPhase;
			buildActionMask = 2147483647;
			files = (
				83AB25991F3824FE0008EB83 /* GridLayout.swift in Sources */,
				83AB25891F38248B0008EB83 /* ViewController.swift in Sources */,
				83AB259B1F3827940008EB83 /* CustomCell.swift in Sources */,
				83AB25871F38248B0008EB83 /* AppDelegate.swift in Sources */,
			);
			runOnlyForDeploymentPostprocessing = 0;
		};
/* End PBXSourcesBuildPhase section */

/* Begin PBXVariantGroup section */
		83AB258A1F38248B0008EB83 /* Main.storyboard */ = {
			isa = PBXVariantGroup;
			children = (
				83AB258B1F38248B0008EB83 /* Base */,
			);
			name = Main.storyboard;
			sourceTree = "<group>";
		};
		83AB258F1F38248B0008EB83 /* LaunchScreen.storyboard */ = {
			isa = PBXVariantGroup;
			children = (
				83AB25901F38248B0008EB83 /* Base */,
			);
			name = LaunchScreen.storyboard;
			sourceTree = "<group>";
		};
/* End PBXVariantGroup section */

/* Begin XCBuildConfiguration section */
		83AB25931F38248B0008EB83 /* Debug */ = {
			isa = XCBuildConfiguration;
			buildSettings = {
				ALWAYS_SEARCH_USER_PATHS = NO;
				CLANG_ANALYZER_NONNULL = YES;
				CLANG_ANALYZER_NUMBER_OBJECT_CONVERSION = YES_AGGRESSIVE;
				CLANG_CXX_LANGUAGE_STANDARD = "gnu++0x";
				CLANG_CXX_LIBRARY = "libc++";
				CLANG_ENABLE_MODULES = YES;
				CLANG_ENABLE_OBJC_ARC = YES;
				CLANG_WARN_BOOL_CONVERSION = YES;
				CLANG_WARN_CONSTANT_CONVERSION = YES;
				CLANG_WARN_DIRECT_OBJC_ISA_USAGE = YES_ERROR;
				CLANG_WARN_DOCUMENTATION_COMMENTS = YES;
				CLANG_WARN_EMPTY_BODY = YES;
				CLANG_WARN_ENUM_CONVERSION = YES;
				CLANG_WARN_INFINITE_RECURSION = YES;
				CLANG_WARN_INT_CONVERSION = YES;
				CLANG_WARN_OBJC_ROOT_CLASS = YES_ERROR;
				CLANG_WARN_SUSPICIOUS_MOVE = YES;
				CLANG_WARN_UNREACHABLE_CODE = YES;
				CLANG_WARN__DUPLICATE_METHOD_MATCH = YES;
				"CODE_SIGN_IDENTITY[sdk=iphoneos*]" = "iPhone Developer";
				COPY_PHASE_STRIP = NO;
				DEBUG_INFORMATION_FORMAT = dwarf;
				ENABLE_STRICT_OBJC_MSGSEND = YES;
				ENABLE_TESTABILITY = YES;
				GCC_C_LANGUAGE_STANDARD = gnu99;
				GCC_DYNAMIC_NO_PIC = NO;
				GCC_NO_COMMON_BLOCKS = YES;
				GCC_OPTIMIZATION_LEVEL = 0;
				GCC_PREPROCESSOR_DEFINITIONS = (
					"DEBUG=1",
					"$(inherited)",
				);
				GCC_WARN_64_TO_32_BIT_CONVERSION = YES;
				GCC_WARN_ABOUT_RETURN_TYPE = YES_ERROR;
				GCC_WARN_UNDECLARED_SELECTOR = YES;
				GCC_WARN_UNINITIALIZED_AUTOS = YES_AGGRESSIVE;
				GCC_WARN_UNUSED_FUNCTION = YES;
				GCC_WARN_UNUSED_VARIABLE = YES;
				IPHONEOS_DEPLOYMENT_TARGET = 10.3;
				MTL_ENABLE_DEBUG_INFO = YES;
				ONLY_ACTIVE_ARCH = YES;
				SDKROOT = iphoneos;
				SWIFT_ACTIVE_COMPILATION_CONDITIONS = DEBUG;
				SWIFT_OPTIMIZATION_LEVEL = "-Onone";
				TARGETED_DEVICE_FAMILY = "1,2";
			};
			name = Debug;
		};
		83AB25941F38248B0008EB83 /* Release */ = {
			isa = XCBuildConfiguration;
			buildSettings = {
				ALWAYS_SEARCH_USER_PATHS = NO;
				CLANG_ANALYZER_NONNULL = YES;
				CLANG_ANALYZER_NUMBER_OBJECT_CONVERSION = YES_AGGRESSIVE;
				CLANG_CXX_LANGUAGE_STANDARD = "gnu++0x";
				CLANG_CXX_LIBRARY = "libc++";
				CLANG_ENABLE_MODULES = YES;
				CLANG_ENABLE_OBJC_ARC = YES;
				CLANG_WARN_BOOL_CONVERSION = YES;
				CLANG_WARN_CONSTANT_CONVERSION = YES;
				CLANG_WARN_DIRECT_OBJC_ISA_USAGE = YES_ERROR;
				CLANG_WARN_DOCUMENTATION_COMMENTS = YES;
				CLANG_WARN_EMPTY_BODY = YES;
				CLANG_WARN_ENUM_CONVERSION = YES;
				CLANG_WARN_INFINITE_RECURSION = YES;
				CLANG_WARN_INT_CONVERSION = YES;
				CLANG_WARN_OBJC_ROOT_CLASS = YES_ERROR;
				CLANG_WARN_SUSPICIOUS_MOVE = YES;
				CLANG_WARN_UNREACHABLE_CODE = YES;
				CLANG_WARN__DUPLICATE_METHOD_MATCH = YES;
				"CODE_SIGN_IDENTITY[sdk=iphoneos*]" = "iPhone Developer";
				COPY_PHASE_STRIP = NO;
				DEBUG_INFORMATION_FORMAT = "dwarf-with-dsym";
				ENABLE_NS_ASSERTIONS = NO;
				ENABLE_STRICT_OBJC_MSGSEND = YES;
				GCC_C_LANGUAGE_STANDARD = gnu99;
				GCC_NO_COMMON_BLOCKS = YES;
				GCC_WARN_64_TO_32_BIT_CONVERSION = YES;
				GCC_WARN_ABOUT_RETURN_TYPE = YES_ERROR;
				GCC_WARN_UNDECLARED_SELECTOR = YES;
				GCC_WARN_UNINITIALIZED_AUTOS = YES_AGGRESSIVE;
				GCC_WARN_UNUSED_FUNCTION = YES;
				GCC_WARN_UNUSED_VARIABLE = YES;
				IPHONEOS_DEPLOYMENT_TARGET = 10.3;
				MTL_ENABLE_DEBUG_INFO = NO;
				SDKROOT = iphoneos;
				SWIFT_OPTIMIZATION_LEVEL = "-Owholemodule";
				TARGETED_DEVICE_FAMILY = "1,2";
				VALIDATE_PRODUCT = YES;
			};
			name = Release;
		};
		83AB25961F38248B0008EB83 /* Debug */ = {
			isa = XCBuildConfiguration;
			buildSettings = {
				ASSETCATALOG_COMPILER_APPICON_NAME = AppIcon;
				DEVELOPMENT_TEAM = UZAPXQTVQ4;
				INFOPLIST_FILE = GridLayoutDemo/Info.plist;
				LD_RUNPATH_SEARCH_PATHS = "$(inherited) @executable_path/Frameworks";
				PRODUCT_BUNDLE_IDENTIFIER = com.robertmryan.GridLayoutDemo;
				PRODUCT_NAME = "$(TARGET_NAME)";
				SWIFT_VERSION = 3.0;
			};
			name = Debug;
		};
		83AB25971F38248B0008EB83 /* Release */ = {
			isa = XCBuildConfiguration;
			buildSettings = {
				ASSETCATALOG_COMPILER_APPICON_NAME = AppIcon;
				DEVELOPMENT_TEAM = UZAPXQTVQ4;
				INFOPLIST_FILE = GridLayoutDemo/Info.plist;
				LD_RUNPATH_SEARCH_PATHS = "$(inherited) @executable_path/Frameworks";
				PRODUCT_BUNDLE_IDENTIFIER = com.robertmryan.GridLayoutDemo;
				PRODUCT_NAME = "$(TARGET_NAME)";
				SWIFT_VERSION = 3.0;
			};
			name = Release;
		};
/* End XCBuildConfiguration section */

/* Begin XCConfigurationList section */
		83AB257E1F38248B0008EB83 /* Build configuration list for PBXProject "GridLayoutDemo" */ = {
			isa = XCConfigurationList;
			buildConfigurations = (
				83AB25931F38248B0008EB83 /* Debug */,
				83AB25941F38248B0008EB83 /* Release */,
			);
			defaultConfigurationIsVisible = 0;
			defaultConfigurationName = Release;
		};
		83AB25951F38248B0008EB83 /* Build configuration list for PBXNativeTarget "GridLayoutDemo" */ = {
			isa = XCConfigurationList;
			buildConfigurations = (
				83AB25961F38248B0008EB83 /* Debug */,
				83AB25971F38248B0008EB83 /* Release */,
			);
			defaultConfigurationIsVisible = 0;
		};
/* End XCConfigurationList section */
	};
	rootObject = 83AB257B1F38248B0008EB83 /* Project object */;
}
